// !$*UTF8*$!
{
	archiveVersion = 1;
	classes = {
	};
	objectVersion = 56;
	objects = {

/* Begin PBXBuildFile section */
		AA200001000000000000000A /* WhereaboutsApp.swift in Sources */ = {isa = PBXBuildFile; fileRef = AA100001000000000000000A /* WhereaboutsApp.swift */; };
		AA200002000000000000000A /* AppDelegate.swift in Sources */ = {isa = PBXBuildFile; fileRef = AA100002000000000000000A /* AppDelegate.swift */; };
		AA200003000000000000000A /* IPInfo.swift in Sources */ = {isa = PBXBuildFile; fileRef = AA100003000000000000000A /* IPInfo.swift */; };
		AA200004000000000000000A /* IPGeolocationService.swift in Sources */ = {isa = PBXBuildFile; fileRef = AA100004000000000000000A /* IPGeolocationService.swift */; };
		AA200005000000000000000A /* VPNDetector.swift in Sources */ = {isa = PBXBuildFile; fileRef = AA100005000000000000000A /* VPNDetector.swift */; };
		AA200006000000000000000A /* NetworkMonitor.swift in Sources */ = {isa = PBXBuildFile; fileRef = AA100006000000000000000A /* NetworkMonitor.swift */; };
		AA200007000000000000000A /* WhereaboutsViewModel.swift in Sources */ = {isa = PBXBuildFile; fileRef = AA100007000000000000000A /* WhereaboutsViewModel.swift */; };
		AA200008000000000000000A /* PopoverView.swift in Sources */ = {isa = PBXBuildFile; fileRef = AA100008000000000000000A /* PopoverView.swift */; };
		AA200009000000000000000A /* MapView.swift in Sources */ = {isa = PBXBuildFile; fileRef = AA100009000000000000000A /* MapView.swift */; };
		AA200010000000000000000A /* MapKit.framework in Frameworks */ = {isa = PBXBuildFile; fileRef = AA100012000000000000000A /* MapKit.framework */; };
		AA200011000000000000000A /* Network.framework in Frameworks */ = {isa = PBXBuildFile; fileRef = AA100013000000000000000A /* Network.framework */; };
		AA200012000000000000000A /* ServiceManagement.framework in Frameworks */ = {isa = PBXBuildFile; fileRef = AA100014000000000000000A /* ServiceManagement.framework */; };
		AA200013000000000000000A /* Assets.xcassets in Resources */ = {isa = PBXBuildFile; fileRef = AA100016000000000000000A /* Assets.xcassets */; };
		AA200014000000000000000A /* LocationService.swift in Sources */ = {isa = PBXBuildFile; fileRef = AA100017000000000000000A /* LocationService.swift */; };
		AA200015000000000000000A /* CoreLocation.framework in Frameworks */ = {isa = PBXBuildFile; fileRef = AA100018000000000000000A /* CoreLocation.framework */; };
/* End PBXBuildFile section */

/* Begin PBXFileReference section */
		AA100001000000000000000A /* WhereaboutsApp.swift */ = {isa = PBXFileReference; lastKnownFileType = sourcecode.swift; path = WhereaboutsApp.swift; sourceTree = "<group>"; };
		AA100002000000000000000A /* AppDelegate.swift */ = {isa = PBXFileReference; lastKnownFileType = sourcecode.swift; path = AppDelegate.swift; sourceTree = "<group>"; };
		AA100003000000000000000A /* IPInfo.swift */ = {isa = PBXFileReference; lastKnownFileType = sourcecode.swift; path = IPInfo.swift; sourceTree = "<group>"; };
		AA100004000000000000000A /* IPGeolocationService.swift */ = {isa = PBXFileReference; lastKnownFileType = sourcecode.swift; path = IPGeolocationService.swift; sourceTree = "<group>"; };
		AA100005000000000000000A /* VPNDetector.swift */ = {isa = PBXFileReference; lastKnownFileType = sourcecode.swift; path = VPNDetector.swift; sourceTree = "<group>"; };
		AA100006000000000000000A /* NetworkMonitor.swift */ = {isa = PBXFileReference; lastKnownFileType = sourcecode.swift; path = NetworkMonitor.swift; sourceTree = "<group>"; };
		AA100007000000000000000A /* WhereaboutsViewModel.swift */ = {isa = PBXFileReference; lastKnownFileType = sourcecode.swift; path = WhereaboutsViewModel.swift; sourceTree = "<group>"; };
		AA100008000000000000000A /* PopoverView.swift */ = {isa = PBXFileReference; lastKnownFileType = sourcecode.swift; path = PopoverView.swift; sourceTree = "<group>"; };
		AA100009000000000000000A /* MapView.swift */ = {isa = PBXFileReference; lastKnownFileType = sourcecode.swift; path = MapView.swift; sourceTree = "<group>"; };
		AA100010000000000000000A /* Info.plist */ = {isa = PBXFileReference; lastKnownFileType = text.plist.xml; path = Info.plist; sourceTree = "<group>"; };
		AA100011000000000000000A /* Whereabouts.entitlements */ = {isa = PBXFileReference; lastKnownFileType = text.plist.entitlements; path = Whereabouts.entitlements; sourceTree = "<group>"; };
		AA100012000000000000000A /* MapKit.framework */ = {isa = PBXFileReference; lastKnownFileType = wrapper.framework; name = MapKit.framework; path = System/Library/Frameworks/MapKit.framework; sourceTree = SDKROOT; };
		AA100013000000000000000A /* Network.framework */ = {isa = PBXFileReference; lastKnownFileType = wrapper.framework; name = Network.framework; path = System/Library/Frameworks/Network.framework; sourceTree = SDKROOT; };
		AA100014000000000000000A /* ServiceManagement.framework */ = {isa = PBXFileReference; lastKnownFileType = wrapper.framework; name = ServiceManagement.framework; path = System/Library/Frameworks/ServiceManagement.framework; sourceTree = SDKROOT; };
		AA100015000000000000000A /* Whereabouts.app */ = {isa = PBXFileReference; explicitFileType = wrapper.application; includeInIndex = 0; path = Whereabouts.app; sourceTree = BUILT_PRODUCTS_DIR; };
		AA100016000000000000000A /* Assets.xcassets */ = {isa = PBXFileReference; lastKnownFileType = folder.assetcatalog; path = Assets.xcassets; sourceTree = "<group>"; };
		AA100017000000000000000A /* LocationService.swift */ = {isa = PBXFileReference; lastKnownFileType = sourcecode.swift; path = LocationService.swift; sourceTree = "<group>"; };
		AA100018000000000000000A /* CoreLocation.framework */ = {isa = PBXFileReference; lastKnownFileType = wrapper.framework; name = CoreLocation.framework; path = System/Library/Frameworks/CoreLocation.framework; sourceTree = SDKROOT; };
/* End PBXFileReference section */

/* Begin PBXFrameworksBuildPhase section */
		AA300002000000000000000A /* Frameworks */ = {
			isa = PBXFrameworksBuildPhase;
			buildActionMask = 2147483647;
			files = (
				AA200010000000000000000A /* MapKit.framework in Frameworks */,
				AA200011000000000000000A /* Network.framework in Frameworks */,
				AA200012000000000000000A /* ServiceManagement.framework in Frameworks */,
				AA200015000000000000000A /* CoreLocation.framework in Frameworks */,
			);
			runOnlyForDeploymentPostprocessing = 0;
		};
/* End PBXFrameworksBuildPhase section */

/* Begin PBXGroup section */
		AA400001000000000000000A /* <root> */ = {
			isa = PBXGroup;
			children = (
				AA400003000000000000000A /* Whereabouts */,
				AA400008000000000000000A /* Frameworks */,
				AA400002000000000000000A /* Products */,
			);
			sourceTree = "<group>";
		};
		AA400002000000000000000A /* Products */ = {
			isa = PBXGroup;
			children = (
				AA100015000000000000000A /* Whereabouts.app */,
			);
			name = Products;
			sourceTree = "<group>";
		};
		AA400003000000000000000A /* Whereabouts */ = {
			isa = PBXGroup;
			children = (
				AA100001000000000000000A /* WhereaboutsApp.swift */,
				AA100002000000000000000A /* AppDelegate.swift */,
				AA100016000000000000000A /* Assets.xcassets */,
				AA400004000000000000000A /* Models */,
				AA400005000000000000000A /* Services */,
				AA400006000000000000000A /* ViewModels */,
				AA400007000000000000000A /* Views */,
				AA100010000000000000000A /* Info.plist */,
				AA100011000000000000000A /* Whereabouts.entitlements */,
			);
			path = Whereabouts;
			sourceTree = "<group>";
		};
		AA400004000000000000000A /* Models */ = {
			isa = PBXGroup;
			children = (
				AA100003000000000000000A /* IPInfo.swift */,
			);
			path = Models;
			sourceTree = "<group>";
		};
		AA400005000000000000000A /* Services */ = {
			isa = PBXGroup;
			children = (
				AA100004000000000000000A /* IPGeolocationService.swift */,
				AA100005000000000000000A /* VPNDetector.swift */,
				AA100006000000000000000A /* NetworkMonitor.swift */,
				AA100017000000000000000A /* LocationService.swift */,
			);
			path = Services;
			sourceTree = "<group>";
		};
		AA400006000000000000000A /* ViewModels */ = {
			isa = PBXGroup;
			children = (
				AA100007000000000000000A /* WhereaboutsViewModel.swift */,
			);
			path = ViewModels;
			sourceTree = "<group>";
		};
		AA400007000000000000000A /* Views */ = {
			isa = PBXGroup;
			children = (
				AA100008000000000000000A /* PopoverView.swift */,
				AA100009000000000000000A /* MapView.swift */,
			);
			path = Views;
			sourceTree = "<group>";
		};
		AA400008000000000000000A /* Frameworks */ = {
			isa = PBXGroup;
			children = (
				AA100012000000000000000A /* MapKit.framework */,
				AA100013000000000000000A /* Network.framework */,
				AA100014000000000000000A /* ServiceManagement.framework */,
				AA100018000000000000000A /* CoreLocation.framework */,
			);
			name = Frameworks;
			sourceTree = "<group>";
		};
/* End PBXGroup section */

/* Begin PBXNativeTarget section */
		AA700001000000000000000A /* Whereabouts */ = {
			isa = PBXNativeTarget;
			buildConfigurationList = AA600002000000000000000A /* Build configuration list for PBXNativeTarget "Whereabouts" */;
			buildPhases = (
				AA300001000000000000000A /* Sources */,
				AA300002000000000000000A /* Frameworks */,
				AA300003000000000000000A /* Resources */,
			);
			buildRules = (
			);
			dependencies = (
			);
			name = Whereabouts;
			productName = Whereabouts;
			productReference = AA100015000000000000000A /* Whereabouts.app */;
			productType = "com.apple.product-type.application";
		};
/* End PBXNativeTarget section */

/* Begin PBXProject section */
		AA700002000000000000000A /* Project object */ = {
			isa = PBXProject;
			attributes = {
				BuildIndependentTargetsInParallel = 1;
				LastSwiftUpdateCheck = 1500;
				LastUpgradeCheck = 1500;
				TargetAttributes = {
					AA700001000000000000000A = {
						CreatedOnToolsVersion = 15.0;
					};
				};
			};
			buildConfigurationList = AA600001000000000000000A /* Build configuration list for PBXProject "Whereabouts" */;
			compatibilityVersion = "Xcode 14.0";
			developmentRegion = en;
			hasScannedForEncodings = 0;
			knownRegions = (
				en,
				Base,
			);
			mainGroup = AA400001000000000000000A;
			productRefGroup = AA400002000000000000000A /* Products */;
			projectDirPath = "";
			projectRoot = "";
			targets = (
				AA700001000000000000000A /* Whereabouts */,
			);
		};
/* End PBXProject section */

/* Begin PBXResourcesBuildPhase section */
		AA300003000000000000000A /* Resources */ = {
			isa = PBXResourcesBuildPhase;
			buildActionMask = 2147483647;
			files = (
				AA200013000000000000000A /* Assets.xcassets in Resources */,
			);
			runOnlyForDeploymentPostprocessing = 0;
		};
/* End PBXResourcesBuildPhase section */

/* Begin PBXSourcesBuildPhase section */
		AA300001000000000000000A /* Sources */ = {
			isa = PBXSourcesBuildPhase;
			buildActionMask = 2147483647;
			files = (
				AA200001000000000000000A /* WhereaboutsApp.swift in Sources */,
				AA200002000000000000000A /* AppDelegate.swift in Sources */,
				AA200003000000000000000A /* IPInfo.swift in Sources */,
				AA200004000000000000000A /* IPGeolocationService.swift in Sources */,
				AA200005000000000000000A /* VPNDetector.swift in Sources */,
				AA200006000000000000000A /* NetworkMonitor.swift in Sources */,
				AA200007000000000000000A /* WhereaboutsViewModel.swift in Sources */,
				AA200008000000000000000A /* PopoverView.swift in Sources */,
				AA200009000000000000000A /* MapView.swift in Sources */,
				AA200014000000000000000A /* LocationService.swift in Sources */,
			);
			runOnlyForDeploymentPostprocessing = 0;
		};
/* End PBXSourcesBuildPhase section */

/* Begin XCBuildConfiguration section */
		AA500001000000000000000A /* Debug */ = {
			isa = XCBuildConfiguration;
			buildSettings = {
				ALWAYS_SEARCH_USER_PATHS = NO;
				CLANG_ANALYZER_NONNULL = YES;
				CLANG_ANALYZER_NUMBER_OBJECT_CONVERSION = YES_AGGRESSIVE;
				CLANG_CXX_LANGUAGE_STANDARD = "gnu++20";
				CLANG_ENABLE_MODULES = YES;
				CLANG_ENABLE_OBJC_ARC = YES;
				CLANG_ENABLE_OBJC_WEAK = YES;
				CLANG_WARN_BLOCK_CAPTURE_AUTORELEASING = YES;
				CLANG_WARN_BOOL_CONVERSION = YES;
				CLANG_WARN_COMMA = YES;
				CLANG_WARN_CONSTANT_CONVERSION = YES;
				CLANG_WARN_DEPRECATED_OBJC_IMPLEMENTATIONS = YES;
				CLANG_WARN_DIRECT_OBJC_ISA_USAGE = YES_ERROR;
				CLANG_WARN_DOCUMENTATION_COMMENTS = YES;
				CLANG_WARN_EMPTY_BODY = YES;
				CLANG_WARN_ENUM_CONVERSION = YES;
				CLANG_WARN_INFINITE_RECURSION = YES;
				CLANG_WARN_INT_CONVERSION = YES;
				CLANG_WARN_NON_LITERAL_NULL_CONVERSION = YES;
				CLANG_WARN_OBJC_IMPLICIT_RETAIN_CYCLE = YES;
				CLANG_WARN_OBJC_LITERAL_CONVERSION = YES;
				CLANG_WARN_OBJC_ROOT_CLASS = YES_ERROR;
				CLANG_WARN_QUOTED_INCLUDE_IN_FRAMEWORK_HEADER = YES;
				CLANG_WARN_RANGE_LOOP_ANALYSIS = YES;
				CLANG_WARN_STRICT_PROTOTYPES = YES;
				CLANG_WARN_SUSPICIOUS_MOVE = YES;
				CLANG_WARN_UNGUARDED_AVAILABILITY = YES_AGGRESSIVE;
				CLANG_WARN_UNREACHABLE_CODE = YES;
				CLANG_WARN__DUPLICATE_METHOD_MATCH = YES;
				COPY_PHASE_STRIP = NO;
				DEBUG_INFORMATION_FORMAT = dwarf;
				ENABLE_STRICT_OBJC_MSGSEND = YES;
				ENABLE_TESTABILITY = YES;
				GCC_C_LANGUAGE_STANDARD = gnu17;
				GCC_DYNAMIC_NO_PIC = NO;
				GCC_NO_COMMON_BLOCKS = YES;
				GCC_OPTIMIZATION_LEVEL = 0;
				GCC_PREPROCESSOR_DEFINITIONS = (
					"DEBUG=1",
					"$(inherited)",
				);
				GCC_WARN_64_TO_32_BIT_CONVERSION = YES;
				GCC_WARN_ABOUT_RETURN_TYPE = YES_ERROR;
				GCC_WARN_UNDECLARED_SELECTOR = YES;
				GCC_WARN_UNINITIALIZED_AUTOS = YES_AGGRESSIVE;
				GCC_WARN_UNUSED_FUNCTION = YES;
				GCC_WARN_UNUSED_VARIABLE = YES;
				MACOSX_DEPLOYMENT_TARGET = 14.0;
				MTL_ENABLE_DEBUG_INFO = INCLUDE_SOURCE;
				MTL_FAST_MATH = YES;
				ONLY_ACTIVE_ARCH = YES;
				SDKROOT = macosx;
				SWIFT_ACTIVE_COMPILATION_CONDITIONS = DEBUG;
				SWIFT_OPTIMIZATION_LEVEL = "-Onone";
			};
			name = Debug;
		};
		AA500002000000000000000A /* Release */ = {
			isa = XCBuildConfiguration;
			buildSettings = {
				ALWAYS_SEARCH_USER_PATHS = NO;
				CLANG_ANALYZER_NONNULL = YES;
				CLANG_ANALYZER_NUMBER_OBJECT_CONVERSION = YES_AGGRESSIVE;
				CLANG_CXX_LANGUAGE_STANDARD = "gnu++20";
				CLANG_ENABLE_MODULES = YES;
				CLANG_ENABLE_OBJC_ARC = YES;
				CLANG_ENABLE_OBJC_WEAK = YES;
				CLANG_WARN_BLOCK_CAPTURE_AUTORELEASING = YES;
				CLANG_WARN_BOOL_CONVERSION = YES;
				CLANG_WARN_COMMA = YES;
				CLANG_WARN_CONSTANT_CONVERSION = YES;
				CLANG_WARN_DEPRECATED_OBJC_IMPLEMENTATIONS = YES;
				CLANG_WARN_DIRECT_OBJC_ISA_USAGE = YES_ERROR;
				CLANG_WARN_DOCUMENTATION_COMMENTS = YES;
				CLANG_WARN_EMPTY_BODY = YES;
				CLANG_WARN_ENUM_CONVERSION = YES;
				CLANG_WARN_INFINITE_RECURSION = YES;
				CLANG_WARN_INT_CONVERSION = YES;
				CLANG_WARN_NON_LITERAL_NULL_CONVERSION = YES;
				CLANG_WARN_OBJC_IMPLICIT_RETAIN_CYCLE = YES;
				CLANG_WARN_OBJC_LITERAL_CONVERSION = YES;
				CLANG_WARN_OBJC_ROOT_CLASS = YES_ERROR;
				CLANG_WARN_QUOTED_INCLUDE_IN_FRAMEWORK_HEADER = YES;
				CLANG_WARN_RANGE_LOOP_ANALYSIS = YES;
				CLANG_WARN_STRICT_PROTOTYPES = YES;
				CLANG_WARN_SUSPICIOUS_MOVE = YES;
				CLANG_WARN_UNGUARDED_AVAILABILITY = YES_AGGRESSIVE;
				CLANG_WARN_UNREACHABLE_CODE = YES;
				CLANG_WARN__DUPLICATE_METHOD_MATCH = YES;
				COPY_PHASE_STRIP = NO;
				DEBUG_INFORMATION_FORMAT = "dwarf-with-dsym";
				ENABLE_NS_ASSERTIONS = NO;
				ENABLE_STRICT_OBJC_MSGSEND = YES;
				GCC_C_LANGUAGE_STANDARD = gnu17;
				GCC_NO_COMMON_BLOCKS = YES;
				GCC_WARN_64_TO_32_BIT_CONVERSION = YES;
				GCC_WARN_ABOUT_RETURN_TYPE = YES_ERROR;
				GCC_WARN_UNDECLARED_SELECTOR = YES;
				GCC_WARN_UNINITIALIZED_AUTOS = YES_AGGRESSIVE;
				GCC_WARN_UNUSED_FUNCTION = YES;
				GCC_WARN_UNUSED_VARIABLE = YES;
				MACOSX_DEPLOYMENT_TARGET = 14.0;
				MTL_FAST_MATH = YES;
				SDKROOT = macosx;
				SWIFT_COMPILATION_MODE = wholemodule;
				SWIFT_OPTIMIZATION_LEVEL = "-O";
			};
			name = Release;
		};
		AA500003000000000000000A /* Debug */ = {
			isa = XCBuildConfiguration;
			buildSettings = {
				ASSETCATALOG_COMPILER_APPICON_NAME = AppIcon;
				CODE_SIGN_ENTITLEMENTS = Whereabouts/Whereabouts.entitlements;
				CODE_SIGN_IDENTITY = "-";
				CODE_SIGN_STYLE = Manual;
				COMBINE_HIDPI_IMAGES = YES;
				CURRENT_PROJECT_VERSION = 1;
				DEVELOPMENT_TEAM = "";
				ENABLE_HARDENED_RUNTIME = NO;
				GENERATE_INFOPLIST_FILE = NO;
				INFOPLIST_FILE = Whereabouts/Info.plist;
				LD_RUNPATH_SEARCH_PATHS = (
					"$(inherited)",
					"@executable_path/../Frameworks",
				);
				MARKETING_VERSION = 1.0;
				PRODUCT_BUNDLE_IDENTIFIER = "io.zvh.whereabouts";
				PRODUCT_NAME = "$(TARGET_NAME)";
				PROVISIONING_PROFILE_SPECIFIER = "";
				SWIFT_EMIT_LOC_STRINGS = YES;
				SWIFT_VERSION = 5.0;
			};
			name = Debug;
		};
		AA500004000000000000000A /* Release */ = {
			isa = XCBuildConfiguration;
			buildSettings = {
				ASSETCATALOG_COMPILER_APPICON_NAME = AppIcon;
				CODE_SIGN_ENTITLEMENTS = Whereabouts/Whereabouts.entitlements;
				CODE_SIGN_IDENTITY = "-";
				CODE_SIGN_STYLE = Manual;
				COMBINE_HIDPI_IMAGES = YES;
				CURRENT_PROJECT_VERSION = 1;
				DEVELOPMENT_TEAM = "";
				ENABLE_HARDENED_RUNTIME = YES;
				GENERATE_INFOPLIST_FILE = NO;
				INFOPLIST_FILE = Whereabouts/Info.plist;
				LD_RUNPATH_SEARCH_PATHS = (
					"$(inherited)",
					"@executable_path/../Frameworks",
				);
				MARKETING_VERSION = 1.0;
				PRODUCT_BUNDLE_IDENTIFIER = "io.zvh.whereabouts";
				PRODUCT_NAME = "$(TARGET_NAME)";
				PROVISIONING_PROFILE_SPECIFIER = "";
				SWIFT_EMIT_LOC_STRINGS = YES;
				SWIFT_VERSION = 5.0;
			};
			name = Release;
		};
/* End XCBuildConfiguration section */

/* Begin XCConfigurationList section */
		AA600001000000000000000A /* Build configuration list for PBXProject "Whereabouts" */ = {
			isa = XCConfigurationList;
			buildConfigurations = (
				AA500001000000000000000A /* Debug */,
				AA500002000000000000000A /* Release */,
			);
			defaultConfigurationIsVisible = 0;
			defaultConfigurationName = Release;
		};
		AA600002000000000000000A /* Build configuration list for PBXNativeTarget "Whereabouts" */ = {
			isa = XCConfigurationList;
			buildConfigurations = (
				AA500003000000000000000A /* Debug */,
				AA500004000000000000000A /* Release */,
			);
			defaultConfigurationIsVisible = 0;
			defaultConfigurationName = Release;
		};
/* End XCConfigurationList section */

	};
	rootObject = AA700002000000000000000A /* Project object */;
}
